
Microsoft Visual Studio Solution File, Format Version 12.00
# Visual Studio Version 16
VisualStudioVersion = 16.0.30907.101
MinimumVisualStudioVersion = 10.0.40219.1
Project("{FAE04EC0-301F-11D3-BF4B-00C04F79EFBC}") = "QRScanner", "QRScanner.csproj", "{223A4E26-9054-4D5C-A77C-BE63506802FD}"
EndProject
Global
	GlobalSection(SolutionConfigurationPlatforms) = preSolution
		Debug|Any CPU = Debug|Any CPU
		Release|Any CPU = Release|Any CPU
	EndGlobalSection
	GlobalSection(ProjectConfigurationPlatforms) = postSolution
		{223A4E26-9054-4D5C-A77C-BE63506802FD}.Debug|Any CPU.ActiveCfg = Debug|Any CPU
		{223A4E26-9054-4D5C-A77C-BE63506802FD}.Debug|Any CPU.Build.0 = Debug|Any CPU
		{223A4E26-9054-4D5C-A77C-BE63506802FD}.Debug|Any CPU.Deploy.0 = Debug|Any CPU
		{223A4E26-9054-4D5C-A77C-BE63506802FD}.Release|Any CPU.ActiveCfg = Release|Any CPU
		{223A4E26-9054-4D5C-A77C-BE63506802FD}.Release|Any CPU.Build.0 = Release|Any CPU
		{223A4E26-9054-4D5C-A77C-BE63506802FD}.Release|Any CPU.Deploy.0 = Release|Any CPU
	EndGlobalSection
	GlobalSection(SolutionProperties) = preSolution
		HideSolutionNode = FALSE
	EndGlobalSection
	GlobalSection(ExtensibilityGlobals) = postSolution
		SolutionGuid = {86388943-46D3-4C94-9C91-F3AB8DABDF69}
	EndGlobalSection
EndGlobal
